
Microsoft Visual Studio Solution File, Format Version 12.00
# Visual Studio Version 16
VisualStudioVersion = 16.0.30611.23
MinimumVisualStudioVersion = 10.0.40219.1
Project("{FAE04EC0-301F-11D3-BF4B-00C04F79EFBC}") = "TeachingCultureUI", "TeachingCultureUI\TeachingCultureUI.csproj", "{F974796B-9113-47CA-9967-19390D405D46}"
EndProject
Global
	GlobalSection(SolutionConfigurationPlatforms) = preSolution
		Debug|Any CPU = Debug|Any CPU
		Release|Any CPU = Release|Any CPU
	EndGlobalSection
	GlobalSection(ProjectConfigurationPlatforms) = postSolution
		{F974796B-9113-47CA-9967-19390D405D46}.Debug|Any CPU.ActiveCfg = Debug|Any CPU
		{F974796B-9113-47CA-9967-19390D405D46}.Debug|Any CPU.Build.0 = Debug|Any CPU
		{F974796B-9113-47CA-9967-19390D405D46}.Release|Any CPU.ActiveCfg = Release|Any CPU
		{F974796B-9113-47CA-9967-19390D405D46}.Release|Any CPU.Build.0 = Release|Any CPU
	EndGlobalSection
	GlobalSection(SolutionProperties) = preSolution
		HideSolutionNode = FALSE
	EndGlobalSection
	GlobalSection(ExtensibilityGlobals) = postSolution
		SolutionGuid = {6CC53AEA-2973-4849-9C74-14738F5E38D8}
	EndGlobalSection
EndGlobal
